
Microsoft Visual Studio Solution File, Format Version 12.00
# Visual Studio Version 17
VisualStudioVersion = 17.5.33516.290
MinimumVisualStudioVersion = 10.0.40219.1
Project("{FAE04EC0-301F-11D3-BF4B-00C04F79EFBC}") = "ExceptionHandling", "ExceptionHandling.csproj", "{D584943A-0FA4-4157-AE34-21D53FEC1C4E}"
EndProject
Global
	GlobalSection(SolutionConfigurationPlatforms) = preSolution
		Debug|Any CPU = Debug|Any CPU
		Release|Any CPU = Release|Any CPU
	EndGlobalSection
	GlobalSection(ProjectConfigurationPlatforms) = postSolution
		{D584943A-0FA4-4157-AE34-21D53FEC1C4E}.Debug|Any CPU.ActiveCfg = Debug|Any CPU
		{D584943A-0FA4-4157-AE34-21D53FEC1C4E}.Debug|Any CPU.Build.0 = Debug|Any CPU
		{D584943A-0FA4-4157-AE34-21D53FEC1C4E}.Release|Any CPU.ActiveCfg = Release|Any CPU
		{D584943A-0FA4-4157-AE34-21D53FEC1C4E}.Release|Any CPU.Build.0 = Release|Any CPU
	EndGlobalSection
	GlobalSection(SolutionProperties) = preSolution
		HideSolutionNode = FALSE
	EndGlobalSection
	GlobalSection(ExtensibilityGlobals) = postSolution
		SolutionGuid = {876CA3AE-92B4-4D3A-BE1C-A1854B80FF4B}
	EndGlobalSection
EndGlobal
