
Microsoft Visual Studio Solution File, Format Version 12.00
# Visual Studio Version 17
VisualStudioVersion = 17.5.33516.290
MinimumVisualStudioVersion = 10.0.40219.1
Project("{FAE04EC0-301F-11D3-BF4B-00C04F79EFBC}") = "JWTinWebAPI", "JWTinWebAPI.csproj", "{68391AE1-E61A-4329-9A77-CE735E32F681}"
EndProject
Global
	GlobalSection(SolutionConfigurationPlatforms) = preSolution
		Debug|Any CPU = Debug|Any CPU
		Release|Any CPU = Release|Any CPU
	EndGlobalSection
	GlobalSection(ProjectConfigurationPlatforms) = postSolution
		{68391AE1-E61A-4329-9A77-CE735E32F681}.Debug|Any CPU.ActiveCfg = Debug|Any CPU
		{68391AE1-E61A-4329-9A77-CE735E32F681}.Debug|Any CPU.Build.0 = Debug|Any CPU
		{68391AE1-E61A-4329-9A77-CE735E32F681}.Release|Any CPU.ActiveCfg = Release|Any CPU
		{68391AE1-E61A-4329-9A77-CE735E32F681}.Release|Any CPU.Build.0 = Release|Any CPU
	EndGlobalSection
	GlobalSection(SolutionProperties) = preSolution
		HideSolutionNode = FALSE
	EndGlobalSection
	GlobalSection(ExtensibilityGlobals) = postSolution
		SolutionGuid = {5D6821EB-01CE-42BB-B12E-CCF9F9246259}
	EndGlobalSection
EndGlobal
