
Microsoft Visual Studio Solution File, Format Version 12.00
# Visual Studio Version 17
VisualStudioVersion = 17.5.33516.290
MinimumVisualStudioVersion = 10.0.40219.1
Project("{FAE04EC0-301F-11D3-BF4B-00C04F79EFBC}") = "ExceptionHandlingInWebAPI", "ExceptionHandlingInWebAPI.csproj", "{B92D71DA-A206-4D4C-B888-205B2C00BB76}"
EndProject
Global
	GlobalSection(SolutionConfigurationPlatforms) = preSolution
		Debug|Any CPU = Debug|Any CPU
		Release|Any CPU = Release|Any CPU
	EndGlobalSection
	GlobalSection(ProjectConfigurationPlatforms) = postSolution
		{B92D71DA-A206-4D4C-B888-205B2C00BB76}.Debug|Any CPU.ActiveCfg = Debug|Any CPU
		{B92D71DA-A206-4D4C-B888-205B2C00BB76}.Debug|Any CPU.Build.0 = Debug|Any CPU
		{B92D71DA-A206-4D4C-B888-205B2C00BB76}.Release|Any CPU.ActiveCfg = Release|Any CPU
		{B92D71DA-A206-4D4C-B888-205B2C00BB76}.Release|Any CPU.Build.0 = Release|Any CPU
	EndGlobalSection
	GlobalSection(SolutionProperties) = preSolution
		HideSolutionNode = FALSE
	EndGlobalSection
	GlobalSection(ExtensibilityGlobals) = postSolution
		SolutionGuid = {FA688C10-93A3-4967-B921-3103365217ED}
	EndGlobalSection
EndGlobal
