
Microsoft Visual Studio Solution File, Format Version 12.00
# Visual Studio Version 17
VisualStudioVersion = 17.5.33516.290
MinimumVisualStudioVersion = 10.0.40219.1
Project("{FAE04EC0-301F-11D3-BF4B-00C04F79EFBC}") = "ORM", "ORM.csproj", "{7CE025F9-3B96-4B52-A0CE-211BD17CE39A}"
EndProject
Global
	GlobalSection(SolutionConfigurationPlatforms) = preSolution
		Debug|Any CPU = Debug|Any CPU
		Release|Any CPU = Release|Any CPU
	EndGlobalSection
	GlobalSection(ProjectConfigurationPlatforms) = postSolution
		{7CE025F9-3B96-4B52-A0CE-211BD17CE39A}.Debug|Any CPU.ActiveCfg = Debug|Any CPU
		{7CE025F9-3B96-4B52-A0CE-211BD17CE39A}.Debug|Any CPU.Build.0 = Debug|Any CPU
		{7CE025F9-3B96-4B52-A0CE-211BD17CE39A}.Release|Any CPU.ActiveCfg = Release|Any CPU
		{7CE025F9-3B96-4B52-A0CE-211BD17CE39A}.Release|Any CPU.Build.0 = Release|Any CPU
	EndGlobalSection
	GlobalSection(SolutionProperties) = preSolution
		HideSolutionNode = FALSE
	EndGlobalSection
	GlobalSection(ExtensibilityGlobals) = postSolution
		SolutionGuid = {AA46E414-DFF4-401B-B60C-8225DD1A9F5B}
	EndGlobalSection
EndGlobal
